{
    "_meta": {
        "hash": {

            "sha256": "9168bb3dc0cc219ff6b6a328e600c8f4ac767c47551672593611f4a554cfecc8"

        },
        "pipfile-spec": 6,
        "requires": {
            "python_version": "3.7"
        },
        "sources": [
            {
                "name": "pypi",
                "url": "https://pypi.org/simple",
                "verify_ssl": true
            }
        ]
    },
    "default": {
        "certifi": {
            "hashes": [
                "sha256:59b7658e26ca9c7339e00f8f4636cdfe59d34fa37b9b04f6f9e9926b3cece1a5",
                "sha256:b26104d6835d1f5e49452a26eb2ff87fe7090b89dfcaee5ea2212697e1e1d7ae"
            ],
            "version": "==2019.3.9"
        },
        "chardet": {
            "hashes": [
                "sha256:84ab92ed1c4d4f16916e05906b6b75a6c0fb5db821cc65e70cbd64a3e2a5eaae",
                "sha256:fc323ffcaeaed0e0a02bf4d117757b98aed530d9ed4531e3e15460124c106691"
            ],
            "version": "==3.0.4"
        },
        "entrypoints": {
            "hashes": [
                "sha256:589f874b313739ad35be6e0cd7efde2a4e9b6fea91edcc34e58ecbb8dbe56d19",
                "sha256:c70dd71abe5a8c85e55e12c19bd91ccfeec11a6e99044204511f9ed547d48451"
            ],
            "version": "==0.3"
        },

        "future": {
            "hashes": [
                "sha256:67045236dcfd6816dc439556d009594abf643e5eb48992e36beac09c2ca659b8"
            ],
            "version": "==0.17.1"
        },

        "idna": {
            "hashes": [
                "sha256:c357b3f628cf53ae2c4c05627ecc484553142ca23264e593d327bcde5e9c3407",
                "sha256:ea8b7f6188e6fa117537c3df7da9fc686d485087abf6ac197f9c46432f7e4a3c"
            ],
            "version": "==2.8"
        },

        "itchat": {
            "hashes": [
                "sha256:c6b36f21b89a550811732a12620eb8cf4807b7838aae302e16cad26d4a5297b7",
                "sha256:de376e1dfbb3ee3183af8611e080d153af34c7cde6c2a6515bb13445b7575739"
            ],
            "version": "==1.2.32"
        },

        "jieba": {
            "hashes": [
                "sha256:de385e48582a4862e55a9167334d0fbe91d479026e5dac40e59e22c08b8e883e"
            ],
            "index": "pypi",
            "version": "==0.39"
        },
        "keyring": {
            "hashes": [
                "sha256:44e5a4e1ad1070c7cd46959a0d6c2a99588b66a6dad6fd685463b486c04855ea",
                "sha256:aae82841a2e170ecf4319df0f5c0df1468a98809e77563174949d8394bb59488"
            ],
            "version": "==19.0.1"
        },

        "pypng": {
            "hashes": [
                "sha256:3145d042947fa8121e6bd5a7e59149871bf8c13675c42371e12977499d7f3926"
            ],
            "version": "==0.0.19"
        },
        "pyqrcode": {
            "hashes": [
                "sha256:1b2812775fa6ff5c527977c4cd2ccb07051ca7d0bc0aecf937a43864abe5eff6",
                "sha256:fdbf7634733e56b72e27f9bce46e4550b75a3a2c420414035cae9d9d26b234d5"
            ],
            "version": "==1.2.1"
        },

        "requests": {
            "hashes": [
                "sha256:502a824f31acdacb3a35b6690b5fbf0bc41d63a24a45c4004352b0242707598e",
                "sha256:7bf2a778576d825600030a110f3c0e3e8edc51dfaafe1c146e39a2027784957b"
            ],
            "index": "pypi",
            "version": "==2.21.0"
        },
        "urllib3": {
            "hashes": [
                "sha256:61bf29cada3fc2fbefad4fdf059ea4bd1b4a86d2b6d15e1c7c0b582b9752fe39",
                "sha256:de9529817c93f27c8ccbfead6985011db27bd0ddfcdb2d86f3f663385c6a9c22"
            ],
            "version": "==1.24.1"
        },

        "wxpy": {
            "hashes": [
                "sha256:ccc73a6008ac75ed1656a077f262048768901d9494313310f235b21e467bdef2"
            ],
            "index": "pypi",
            "version": "==0.3.9.8"
        },

        "yagmail": {
            "extras": [
                "all"
            ],
            "hashes": [
                "sha256:41a19198a60f454628b1fb948d1f8b38ddeea5802f677699c3ce5265e3d9f748",
                "sha256:a93efe034ef83e32a17c8888c5eec1568f7350a5918199548d31fff643bee83e"
            ],
            "index": "pypi",
            "version": "==0.11.214"
        }
    },
    "develop": {}
}
